
Microsoft Visual Studio Solution File, Format Version 12.00
# Visual Studio Version 17
VisualStudioVersion = 17.0.31903.59
MinimumVisualStudioVersion = 10.0.40219.1
Project("{FAE04EC0-301F-11D3-BF4B-00C04F79EFBC}") = "PasswordManager.Api", "PasswordManager.Api\PasswordManager.Api.csproj", "{258A04E0-7370-4E84-9065-781CA1A98805}"
EndProject
Project("{FAE04EC0-301F-11D3-BF4B-00C04F79EFBC}") = "PasswordManager.Core", "PasswordManager.Core\PasswordManager.Core.csproj", "{D0234D38-8FAC-4CD4-B337-CC34CF6BAFB2}"
EndProject
Project("{FAE04EC0-301F-11D3-BF4B-00C04F79EFBC}") = "PasswordManager.Infrastructure", "PasswordManager.Infrastructure\PasswordManager.Infrastructure.csproj", "{239ABE2F-942E-411F-863F-7EC052129901}"
EndProject
Project("{FAE04EC0-301F-11D3-BF4B-00C04F79EFBC}") = "PasswordManager.Tests", "PasswordManager.Tests\PasswordManager.Tests.csproj", "{61F83961-1D4E-4EB8-8033-10BDB1A0024C}"
EndProject
Global
	GlobalSection(SolutionConfigurationPlatforms) = preSolution
		Debug|Any CPU = Debug|Any CPU
		Release|Any CPU = Release|Any CPU
	EndGlobalSection
	GlobalSection(SolutionProperties) = preSolution
		HideSolutionNode = FALSE
	EndGlobalSection
	GlobalSection(ProjectConfigurationPlatforms) = postSolution
		{258A04E0-7370-4E84-9065-781CA1A98805}.Debug|Any CPU.ActiveCfg = Debug|Any CPU
		{258A04E0-7370-4E84-9065-781CA1A98805}.Debug|Any CPU.Build.0 = Debug|Any CPU
		{258A04E0-7370-4E84-9065-781CA1A98805}.Release|Any CPU.ActiveCfg = Release|Any CPU
		{258A04E0-7370-4E84-9065-781CA1A98805}.Release|Any CPU.Build.0 = Release|Any CPU
		{D0234D38-8FAC-4CD4-B337-CC34CF6BAFB2}.Debug|Any CPU.ActiveCfg = Debug|Any CPU
		{D0234D38-8FAC-4CD4-B337-CC34CF6BAFB2}.Debug|Any CPU.Build.0 = Debug|Any CPU
		{D0234D38-8FAC-4CD4-B337-CC34CF6BAFB2}.Release|Any CPU.ActiveCfg = Release|Any CPU
		{D0234D38-8FAC-4CD4-B337-CC34CF6BAFB2}.Release|Any CPU.Build.0 = Release|Any CPU
		{239ABE2F-942E-411F-863F-7EC052129901}.Debug|Any CPU.ActiveCfg = Debug|Any CPU
		{239ABE2F-942E-411F-863F-7EC052129901}.Debug|Any CPU.Build.0 = Debug|Any CPU
		{239ABE2F-942E-411F-863F-7EC052129901}.Release|Any CPU.ActiveCfg = Release|Any CPU
		{239ABE2F-942E-411F-863F-7EC052129901}.Release|Any CPU.Build.0 = Release|Any CPU
		{61F83961-1D4E-4EB8-8033-10BDB1A0024C}.Debug|Any CPU.ActiveCfg = Debug|Any CPU
		{61F83961-1D4E-4EB8-8033-10BDB1A0024C}.Debug|Any CPU.Build.0 = Debug|Any CPU
		{61F83961-1D4E-4EB8-8033-10BDB1A0024C}.Release|Any CPU.ActiveCfg = Release|Any CPU
		{61F83961-1D4E-4EB8-8033-10BDB1A0024C}.Release|Any CPU.Build.0 = Release|Any CPU
	EndGlobalSection
EndGlobal
